{
  "name": "wp-opotus-wrapper",
  "version": "1.0.0",
  "lockfileVersion": 1,
  "requires": true,
  "dependencies": {
    "opotus-widget": {
      "version": "1.1.0",
      "resolved": "https://registry.npmjs.org/opotus-widget/-/opotus-widget-1.1.0.tgz",
      "integrity": "sha512-X2SnU4ASKIJZ8bk3rRbET3369GCOY92MW6dgCpNANom1B7Y9p/x1KBRuC9hziLQC+pHMgVO7f9i4qjHQpktdkQ=="
    }
  }
}
